// !$*UTF8*$!
{
	archiveVersion = 1;
	classes = {
	};
	objectVersion = 50;
	objects = {

/* Begin PBXBuildFile section */
		3D31A41423658F80001419CD /* AppDelegate.swift in Sources */ = {isa = PBXBuildFile; fileRef = 3D31A41323658F80001419CD /* AppDelegate.swift */; };
		3D31A41623658F80001419CD /* SceneDelegate.swift in Sources */ = {isa = PBXBuildFile; fileRef = 3D31A41523658F80001419CD /* SceneDelegate.swift */; };
		3D31A41823658F80001419CD /* ViewController.swift in Sources */ = {isa = PBXBuildFile; fileRef = 3D31A41723658F80001419CD /* ViewController.swift */; };
		3D31A41B23658F80001419CD /* Main.storyboard in Resources */ = {isa = PBXBuildFile; fileRef = 3D31A41923658F80001419CD /* Main.storyboard */; };
		3D31A41D23658F81001419CD /* Assets.xcassets in Resources */ = {isa = PBXBuildFile; fileRef = 3D31A41C23658F81001419CD /* Assets.xcassets */; };
		3D31A42023658F81001419CD /* LaunchScreen.storyboard in Resources */ = {isa = PBXBuildFile; fileRef = 3D31A41E23658F81001419CD /* LaunchScreen.storyboard */; };
		3D31A42B23658F81001419CD /* ExampleSeguesTests.swift in Sources */ = {isa = PBXBuildFile; fileRef = 3D31A42A23658F81001419CD /* ExampleSeguesTests.swift */; };
		3D31A43623658F81001419CD /* ExampleSeguesUITests.swift in Sources */ = {isa = PBXBuildFile; fileRef = 3D31A43523658F81001419CD /* ExampleSeguesUITests.swift */; };
/* End PBXBuildFile section */

/* Begin PBXContainerItemProxy section */
		3D31A42723658F81001419CD /* PBXContainerItemProxy */ = {
			isa = PBXContainerItemProxy;
			containerPortal = 3D31A40823658F80001419CD /* Project object */;
			proxyType = 1;
			remoteGlobalIDString = 3D31A40F23658F80001419CD;
			remoteInfo = ExampleSegues;
		};
		3D31A43223658F81001419CD /* PBXContainerItemProxy */ = {
			isa = PBXContainerItemProxy;
			containerPortal = 3D31A40823658F80001419CD /* Project object */;
			proxyType = 1;
			remoteGlobalIDString = 3D31A40F23658F80001419CD;
			remoteInfo = ExampleSegues;
		};
/* End PBXContainerItemProxy section */

/* Begin PBXFileReference section */
		3D31A41023658F80001419CD /* ExampleSegues.app */ = {isa = PBXFileReference; explicitFileType = wrapper.application; includeInIndex = 0; path = ExampleSegues.app; sourceTree = BUILT_PRODUCTS_DIR; };
		3D31A41323658F80001419CD /* AppDelegate.swift */ = {isa = PBXFileReference; lastKnownFileType = sourcecode.swift; path = AppDelegate.swift; sourceTree = "<group>"; };
		3D31A41523658F80001419CD /* SceneDelegate.swift */ = {isa = PBXFileReference; lastKnownFileType = sourcecode.swift; path = SceneDelegate.swift; sourceTree = "<group>"; };
		3D31A41723658F80001419CD /* ViewController.swift */ = {isa = PBXFileReference; lastKnownFileType = sourcecode.swift; path = ViewController.swift; sourceTree = "<group>"; };
		3D31A41A23658F80001419CD /* Base */ = {isa = PBXFileReference; lastKnownFileType = file.storyboard; name = Base; path = Base.lproj/Main.storyboard; sourceTree = "<group>"; };
		3D31A41C23658F81001419CD /* Assets.xcassets */ = {isa = PBXFileReference; lastKnownFileType = folder.assetcatalog; path = Assets.xcassets; sourceTree = "<group>"; };
		3D31A41F23658F81001419CD /* Base */ = {isa = PBXFileReference; lastKnownFileType = file.storyboard; name = Base; path = Base.lproj/LaunchScreen.storyboard; sourceTree = "<group>"; };
		3D31A42123658F81001419CD /* Info.plist */ = {isa = PBXFileReference; lastKnownFileType = text.plist.xml; path = Info.plist; sourceTree = "<group>"; };
		3D31A42623658F81001419CD /* ExampleSeguesTests.xctest */ = {isa = PBXFileReference; explicitFileType = wrapper.cfbundle; includeInIndex = 0; path = ExampleSeguesTests.xctest; sourceTree = BUILT_PRODUCTS_DIR; };
		3D31A42A23658F81001419CD /* ExampleSeguesTests.swift */ = {isa = PBXFileReference; lastKnownFileType = sourcecode.swift; path = ExampleSeguesTests.swift; sourceTree = "<group>"; };
		3D31A42C23658F81001419CD /* Info.plist */ = {isa = PBXFileReference; lastKnownFileType = text.plist.xml; path = Info.plist; sourceTree = "<group>"; };
		3D31A43123658F81001419CD /* ExampleSeguesUITests.xctest */ = {isa = PBXFileReference; explicitFileType = wrapper.cfbundle; includeInIndex = 0; path = ExampleSeguesUITests.xctest; sourceTree = BUILT_PRODUCTS_DIR; };
		3D31A43523658F81001419CD /* ExampleSeguesUITests.swift */ = {isa = PBXFileReference; lastKnownFileType = sourcecode.swift; path = ExampleSeguesUITests.swift; sourceTree = "<group>"; };
		3D31A43723658F81001419CD /* Info.plist */ = {isa = PBXFileReference; lastKnownFileType = text.plist.xml; path = Info.plist; sourceTree = "<group>"; };
/* End PBXFileReference section */

/* Begin PBXFrameworksBuildPhase section */
		3D31A40D23658F80001419CD /* Frameworks */ = {
			isa = PBXFrameworksBuildPhase;
			buildActionMask = 2147483647;
			files = (
			);
			runOnlyForDeploymentPostprocessing = 0;
		};
		3D31A42323658F81001419CD /* Frameworks */ = {
			isa = PBXFrameworksBuildPhase;
			buildActionMask = 2147483647;
			files = (
			);
			runOnlyForDeploymentPostprocessing = 0;
		};
		3D31A42E23658F81001419CD /* Frameworks */ = {
			isa = PBXFrameworksBuildPhase;
			buildActionMask = 2147483647;
			files = (
			);
			runOnlyForDeploymentPostprocessing = 0;
		};
/* End PBXFrameworksBuildPhase section */

/* Begin PBXGroup section */
		3D31A40723658F80001419CD = {
			isa = PBXGroup;
			children = (
				3D31A41223658F80001419CD /* ExampleSegues */,
				3D31A42923658F81001419CD /* ExampleSeguesTests */,
				3D31A43423658F81001419CD /* ExampleSeguesUITests */,
				3D31A41123658F80001419CD /* Products */,
			);
			sourceTree = "<group>";
		};
		3D31A41123658F80001419CD /* Products */ = {
			isa = PBXGroup;
			children = (
				3D31A41023658F80001419CD /* ExampleSegues.app */,
				3D31A42623658F81001419CD /* ExampleSeguesTests.xctest */,
				3D31A43123658F81001419CD /* ExampleSeguesUITests.xctest */,
			);
			name = Products;
			sourceTree = "<group>";
		};
		3D31A41223658F80001419CD /* ExampleSegues */ = {
			isa = PBXGroup;
			children = (
				3D31A41323658F80001419CD /* AppDelegate.swift */,
				3D31A41523658F80001419CD /* SceneDelegate.swift */,
				3D31A41723658F80001419CD /* ViewController.swift */,
				3D31A41923658F80001419CD /* Main.storyboard */,
				3D31A41C23658F81001419CD /* Assets.xcassets */,
				3D31A41E23658F81001419CD /* LaunchScreen.storyboard */,
				3D31A42123658F81001419CD /* Info.plist */,
			);
			path = ExampleSegues;
			sourceTree = "<group>";
		};
		3D31A42923658F81001419CD /* ExampleSeguesTests */ = {
			isa = PBXGroup;
			children = (
				3D31A42A23658F81001419CD /* ExampleSeguesTests.swift */,
				3D31A42C23658F81001419CD /* Info.plist */,
			);
			path = ExampleSeguesTests;
			sourceTree = "<group>";
		};
		3D31A43423658F81001419CD /* ExampleSeguesUITests */ = {
			isa = PBXGroup;
			children = (
				3D31A43523658F81001419CD /* ExampleSeguesUITests.swift */,
				3D31A43723658F81001419CD /* Info.plist */,
			);
			path = ExampleSeguesUITests;
			sourceTree = "<group>";
		};
/* End PBXGroup section */

/* Begin PBXNativeTarget section */
		3D31A40F23658F80001419CD /* ExampleSegues */ = {
			isa = PBXNativeTarget;
			buildConfigurationList = 3D31A43A23658F81001419CD /* Build configuration list for PBXNativeTarget "ExampleSegues" */;
			buildPhases = (
				3D31A40C23658F80001419CD /* Sources */,
				3D31A40D23658F80001419CD /* Frameworks */,
				3D31A40E23658F80001419CD /* Resources */,
			);
			buildRules = (
			);
			dependencies = (
			);
			name = ExampleSegues;
			productName = ExampleSegues;
			productReference = 3D31A41023658F80001419CD /* ExampleSegues.app */;
			productType = "com.apple.product-type.application";
		};
		3D31A42523658F81001419CD /* ExampleSeguesTests */ = {
			isa = PBXNativeTarget;
			buildConfigurationList = 3D31A43D23658F81001419CD /* Build configuration list for PBXNativeTarget "ExampleSeguesTests" */;
			buildPhases = (
				3D31A42223658F81001419CD /* Sources */,
				3D31A42323658F81001419CD /* Frameworks */,
				3D31A42423658F81001419CD /* Resources */,
			);
			buildRules = (
			);
			dependencies = (
				3D31A42823658F81001419CD /* PBXTargetDependency */,
			);
			name = ExampleSeguesTests;
			productName = ExampleSeguesTests;
			productReference = 3D31A42623658F81001419CD /* ExampleSeguesTests.xctest */;
			productType = "com.apple.product-type.bundle.unit-test";
		};
		3D31A43023658F81001419CD /* ExampleSeguesUITests */ = {
			isa = PBXNativeTarget;
			buildConfigurationList = 3D31A44023658F81001419CD /* Build configuration list for PBXNativeTarget "ExampleSeguesUITests" */;
			buildPhases = (
				3D31A42D23658F81001419CD /* Sources */,
				3D31A42E23658F81001419CD /* Frameworks */,
				3D31A42F23658F81001419CD /* Resources */,
			);
			buildRules = (
			);
			dependencies = (
				3D31A43323658F81001419CD /* PBXTargetDependency */,
			);
			name = ExampleSeguesUITests;
			productName = ExampleSeguesUITests;
			productReference = 3D31A43123658F81001419CD /* ExampleSeguesUITests.xctest */;
			productType = "com.apple.product-type.bundle.ui-testing";
		};
/* End PBXNativeTarget section */

/* Begin PBXProject section */
		3D31A40823658F80001419CD /* Project object */ = {
			isa = PBXProject;
			attributes = {
				LastSwiftUpdateCheck = 1100;
				LastUpgradeCheck = 1100;
				ORGANIZATIONNAME = "Nurudeen Ajayi";
				TargetAttributes = {
					3D31A40F23658F80001419CD = {
						CreatedOnToolsVersion = 11.0;
					};
					3D31A42523658F81001419CD = {
						CreatedOnToolsVersion = 11.0;
						TestTargetID = 3D31A40F23658F80001419CD;
					};
					3D31A43023658F81001419CD = {
						CreatedOnToolsVersion = 11.0;
						TestTargetID = 3D31A40F23658F80001419CD;
					};
				};
			};
			buildConfigurationList = 3D31A40B23658F80001419CD /* Build configuration list for PBXProject "ExampleSegues" */;
			compatibilityVersion = "Xcode 9.3";
			developmentRegion = en;
			hasScannedForEncodings = 0;
			knownRegions = (
				en,
				Base,
			);
			mainGroup = 3D31A40723658F80001419CD;
			productRefGroup = 3D31A41123658F80001419CD /* Products */;
			projectDirPath = "";
			projectRoot = "";
			targets = (
				3D31A40F23658F80001419CD /* ExampleSegues */,
				3D31A42523658F81001419CD /* ExampleSeguesTests */,
				3D31A43023658F81001419CD /* ExampleSeguesUITests */,
			);
		};
/* End PBXProject section */

/* Begin PBXResourcesBuildPhase section */
		3D31A40E23658F80001419CD /* Resources */ = {
			isa = PBXResourcesBuildPhase;
			buildActionMask = 2147483647;
			files = (
				3D31A42023658F81001419CD /* LaunchScreen.storyboard in Resources */,
				3D31A41D23658F81001419CD /* Assets.xcassets in Resources */,
				3D31A41B23658F80001419CD /* Main.storyboard in Resources */,
			);
			runOnlyForDeploymentPostprocessing = 0;
		};
		3D31A42423658F81001419CD /* Resources */ = {
			isa = PBXResourcesBuildPhase;
			buildActionMask = 2147483647;
			files = (
			);
			runOnlyForDeploymentPostprocessing = 0;
		};
		3D31A42F23658F81001419CD /* Resources */ = {
			isa = PBXResourcesBuildPhase;
			buildActionMask = 2147483647;
			files = (
			);
			runOnlyForDeploymentPostprocessing = 0;
		};
/* End PBXResourcesBuildPhase section */

/* Begin PBXSourcesBuildPhase section */
		3D31A40C23658F80001419CD /* Sources */ = {
			isa = PBXSourcesBuildPhase;
			buildActionMask = 2147483647;
			files = (
				3D31A41823658F80001419CD /* ViewController.swift in Sources */,
				3D31A41423658F80001419CD /* AppDelegate.swift in Sources */,
				3D31A41623658F80001419CD /* SceneDelegate.swift in Sources */,
			);
			runOnlyForDeploymentPostprocessing = 0;
		};
		3D31A42223658F81001419CD /* Sources */ = {
			isa = PBXSourcesBuildPhase;
			buildActionMask = 2147483647;
			files = (
				3D31A42B23658F81001419CD /* ExampleSeguesTests.swift in Sources */,
			);
			runOnlyForDeploymentPostprocessing = 0;
		};
		3D31A42D23658F81001419CD /* Sources */ = {
			isa = PBXSourcesBuildPhase;
			buildActionMask = 2147483647;
			files = (
				3D31A43623658F81001419CD /* ExampleSeguesUITests.swift in Sources */,
			);
			runOnlyForDeploymentPostprocessing = 0;
		};
/* End PBXSourcesBuildPhase section */

/* Begin PBXTargetDependency section */
		3D31A42823658F81001419CD /* PBXTargetDependency */ = {
			isa = PBXTargetDependency;
			target = 3D31A40F23658F80001419CD /* ExampleSegues */;
			targetProxy = 3D31A42723658F81001419CD /* PBXContainerItemProxy */;
		};
		3D31A43323658F81001419CD /* PBXTargetDependency */ = {
			isa = PBXTargetDependency;
			target = 3D31A40F23658F80001419CD /* ExampleSegues */;
			targetProxy = 3D31A43223658F81001419CD /* PBXContainerItemProxy */;
		};
/* End PBXTargetDependency section */

/* Begin PBXVariantGroup section */
		3D31A41923658F80001419CD /* Main.storyboard */ = {
			isa = PBXVariantGroup;
			children = (
				3D31A41A23658F80001419CD /* Base */,
			);
			name = Main.storyboard;
			sourceTree = "<group>";
		};
		3D31A41E23658F81001419CD /* LaunchScreen.storyboard */ = {
			isa = PBXVariantGroup;
			children = (
				3D31A41F23658F81001419CD /* Base */,
			);
			name = LaunchScreen.storyboard;
			sourceTree = "<group>";
		};
/* End PBXVariantGroup section */

/* Begin XCBuildConfiguration section */
		3D31A43823658F81001419CD /* Debug */ = {
			isa = XCBuildConfiguration;
			buildSettings = {
				ALWAYS_SEARCH_USER_PATHS = NO;
				CLANG_ANALYZER_NONNULL = YES;
				CLANG_ANALYZER_NUMBER_OBJECT_CONVERSION = YES_AGGRESSIVE;
				CLANG_CXX_LANGUAGE_STANDARD = "gnu++14";
				CLANG_CXX_LIBRARY = "libc++";
				CLANG_ENABLE_MODULES = YES;
				CLANG_ENABLE_OBJC_ARC = YES;
				CLANG_ENABLE_OBJC_WEAK = YES;
				CLANG_WARN_BLOCK_CAPTURE_AUTORELEASING = YES;
				CLANG_WARN_BOOL_CONVERSION = YES;
				CLANG_WARN_COMMA = YES;
				CLANG_WARN_CONSTANT_CONVERSION = YES;
				CLANG_WARN_DEPRECATED_OBJC_IMPLEMENTATIONS = YES;
				CLANG_WARN_DIRECT_OBJC_ISA_USAGE = YES_ERROR;
				CLANG_WARN_DOCUMENTATION_COMMENTS = YES;
				CLANG_WARN_EMPTY_BODY = YES;
				CLANG_WARN_ENUM_CONVERSION = YES;
				CLANG_WARN_INFINITE_RECURSION = YES;
				CLANG_WARN_INT_CONVERSION = YES;
				CLANG_WARN_NON_LITERAL_NULL_CONVERSION = YES;
				CLANG_WARN_OBJC_IMPLICIT_RETAIN_SELF = YES;
				CLANG_WARN_OBJC_LITERAL_CONVERSION = YES;
				CLANG_WARN_OBJC_ROOT_CLASS = YES_ERROR;
				CLANG_WARN_RANGE_LOOP_ANALYSIS = YES;
				CLANG_WARN_STRICT_PROTOTYPES = YES;
				CLANG_WARN_SUSPICIOUS_MOVE = YES;
				CLANG_WARN_UNGUARDED_AVAILABILITY = YES_AGGRESSIVE;
				CLANG_WARN_UNREACHABLE_CODE = YES;
				CLANG_WARN__DUPLICATE_METHOD_MATCH = YES;
				COPY_PHASE_STRIP = NO;
				DEBUG_INFORMATION_FORMAT = dwarf;
				ENABLE_STRICT_OBJC_MSGSEND = YES;
				ENABLE_TESTABILITY = YES;
				GCC_C_LANGUAGE_STANDARD = gnu11;
				GCC_DYNAMIC_NO_PIC = NO;
				GCC_NO_COMMON_BLOCKS = YES;
				GCC_OPTIMIZATION_LEVEL = 0;
				GCC_PREPROCESSOR_DEFINITIONS = (
					"DEBUG=1",
					"$(inherited)",
				);
				GCC_WARN_64_TO_32_BIT_CONVERSION = YES;
				GCC_WARN_ABOUT_RETURN_TYPE = YES_ERROR;
				GCC_WARN_UNDECLARED_SELECTOR = YES;
				GCC_WARN_UNINITIALIZED_AUTOS = YES_AGGRESSIVE;
				GCC_WARN_UNUSED_FUNCTION = YES;
				GCC_WARN_UNUSED_VARIABLE = YES;
				IPHONEOS_DEPLOYMENT_TARGET = 13.0;
				MTL_ENABLE_DEBUG_INFO = INCLUDE_SOURCE;
				MTL_FAST_MATH = YES;
				ONLY_ACTIVE_ARCH = YES;
				SDKROOT = iphoneos;
				SWIFT_ACTIVE_COMPILATION_CONDITIONS = DEBUG;
				SWIFT_OPTIMIZATION_LEVEL = "-Onone";
			};
			name = Debug;
		};
		3D31A43923658F81001419CD /* Release */ = {
			isa = XCBuildConfiguration;
			buildSettings = {
				ALWAYS_SEARCH_USER_PATHS = NO;
				CLANG_ANALYZER_NONNULL = YES;
				CLANG_ANALYZER_NUMBER_OBJECT_CONVERSION = YES_AGGRESSIVE;
				CLANG_CXX_LANGUAGE_STANDARD = "gnu++14";
				CLANG_CXX_LIBRARY = "libc++";
				CLANG_ENABLE_MODULES = YES;
				CLANG_ENABLE_OBJC_ARC = YES;
				CLANG_ENABLE_OBJC_WEAK = YES;
				CLANG_WARN_BLOCK_CAPTURE_AUTORELEASING = YES;
				CLANG_WARN_BOOL_CONVERSION = YES;
				CLANG_WARN_COMMA = YES;
				CLANG_WARN_CONSTANT_CONVERSION = YES;
				CLANG_WARN_DEPRECATED_OBJC_IMPLEMENTATIONS = YES;
				CLANG_WARN_DIRECT_OBJC_ISA_USAGE = YES_ERROR;
				CLANG_WARN_DOCUMENTATION_COMMENTS = YES;
				CLANG_WARN_EMPTY_BODY = YES;
				CLANG_WARN_ENUM_CONVERSION = YES;
				CLANG_WARN_INFINITE_RECURSION = YES;
				CLANG_WARN_INT_CONVERSION = YES;
				CLANG_WARN_NON_LITERAL_NULL_CONVERSION = YES;
				CLANG_WARN_OBJC_IMPLICIT_RETAIN_SELF = YES;
				CLANG_WARN_OBJC_LITERAL_CONVERSION = YES;
				CLANG_WARN_OBJC_ROOT_CLASS = YES_ERROR;
				CLANG_WARN_RANGE_LOOP_ANALYSIS = YES;
				CLANG_WARN_STRICT_PROTOTYPES = YES;
				CLANG_WARN_SUSPICIOUS_MOVE = YES;
				CLANG_WARN_UNGUARDED_AVAILABILITY = YES_AGGRESSIVE;
				CLANG_WARN_UNREACHABLE_CODE = YES;
				CLANG_WARN__DUPLICATE_METHOD_MATCH = YES;
				COPY_PHASE_STRIP = NO;
				DEBUG_INFORMATION_FORMAT = "dwarf-with-dsym";
				ENABLE_NS_ASSERTIONS = NO;
				ENABLE_STRICT_OBJC_MSGSEND = YES;
				GCC_C_LANGUAGE_STANDARD = gnu11;
				GCC_NO_COMMON_BLOCKS = YES;
				GCC_WARN_64_TO_32_BIT_CONVERSION = YES;
				GCC_WARN_ABOUT_RETURN_TYPE = YES_ERROR;
				GCC_WARN_UNDECLARED_SELECTOR = YES;
				GCC_WARN_UNINITIALIZED_AUTOS = YES_AGGRESSIVE;
				GCC_WARN_UNUSED_FUNCTION = YES;
				GCC_WARN_UNUSED_VARIABLE = YES;
				IPHONEOS_DEPLOYMENT_TARGET = 13.0;
				MTL_ENABLE_DEBUG_INFO = NO;
				MTL_FAST_MATH = YES;
				SDKROOT = iphoneos;
				SWIFT_COMPILATION_MODE = wholemodule;
				SWIFT_OPTIMIZATION_LEVEL = "-O";
				VALIDATE_PRODUCT = YES;
			};
			name = Release;
		};
		3D31A43B23658F81001419CD /* Debug */ = {
			isa = XCBuildConfiguration;
			buildSettings = {
				ASSETCATALOG_COMPILER_APPICON_NAME = AppIcon;
				CODE_SIGN_STYLE = Automatic;
				INFOPLIST_FILE = ExampleSegues/Info.plist;
				LD_RUNPATH_SEARCH_PATHS = (
					"$(inherited)",
					"@executable_path/Frameworks",
				);
				PRODUCT_BUNDLE_IDENTIFIER = BuildiT.ExampleSegues;
				PRODUCT_NAME = "$(TARGET_NAME)";
				SWIFT_VERSION = 5.0;
				TARGETED_DEVICE_FAMILY = "1,2";
			};
			name = Debug;
		};
		3D31A43C23658F81001419CD /* Release */ = {
			isa = XCBuildConfiguration;
			buildSettings = {
				ASSETCATALOG_COMPILER_APPICON_NAME = AppIcon;
				CODE_SIGN_STYLE = Automatic;
				INFOPLIST_FILE = ExampleSegues/Info.plist;
				LD_RUNPATH_SEARCH_PATHS = (
					"$(inherited)",
					"@executable_path/Frameworks",
				);
				PRODUCT_BUNDLE_IDENTIFIER = BuildiT.ExampleSegues;
				PRODUCT_NAME = "$(TARGET_NAME)";
				SWIFT_VERSION = 5.0;
				TARGETED_DEVICE_FAMILY = "1,2";
			};
			name = Release;
		};
		3D31A43E23658F81001419CD /* Debug */ = {
			isa = XCBuildConfiguration;
			buildSettings = {
				ALWAYS_EMBED_SWIFT_STANDARD_LIBRARIES = YES;
				BUNDLE_LOADER = "$(TEST_HOST)";
				CODE_SIGN_STYLE = Automatic;
				INFOPLIST_FILE = ExampleSeguesTests/Info.plist;
				IPHONEOS_DEPLOYMENT_TARGET = 13.0;
				LD_RUNPATH_SEARCH_PATHS = (
					"$(inherited)",
					"@executable_path/Frameworks",
					"@loader_path/Frameworks",
				);
				PRODUCT_BUNDLE_IDENTIFIER = BuildiT.ExampleSeguesTests;
				PRODUCT_NAME = "$(TARGET_NAME)";
				SWIFT_VERSION = 5.0;
				TARGETED_DEVICE_FAMILY = "1,2";
				TEST_HOST = "$(BUILT_PRODUCTS_DIR)/ExampleSegues.app/ExampleSegues";
			};
			name = Debug;
		};
		3D31A43F23658F81001419CD /* Release */ = {
			isa = XCBuildConfiguration;
			buildSettings = {
				ALWAYS_EMBED_SWIFT_STANDARD_LIBRARIES = YES;
				BUNDLE_LOADER = "$(TEST_HOST)";
				CODE_SIGN_STYLE = Automatic;
				INFOPLIST_FILE = ExampleSeguesTests/Info.plist;
				IPHONEOS_DEPLOYMENT_TARGET = 13.0;
				LD_RUNPATH_SEARCH_PATHS = (
					"$(inherited)",
					"@executable_path/Frameworks",
					"@loader_path/Frameworks",
				);
				PRODUCT_BUNDLE_IDENTIFIER = BuildiT.ExampleSeguesTests;
				PRODUCT_NAME = "$(TARGET_NAME)";
				SWIFT_VERSION = 5.0;
				TARGETED_DEVICE_FAMILY = "1,2";
				TEST_HOST = "$(BUILT_PRODUCTS_DIR)/ExampleSegues.app/ExampleSegues";
			};
			name = Release;
		};
		3D31A44123658F81001419CD /* Debug */ = {
			isa = XCBuildConfiguration;
			buildSettings = {
				ALWAYS_EMBED_SWIFT_STANDARD_LIBRARIES = YES;
				CODE_SIGN_STYLE = Automatic;
				INFOPLIST_FILE = ExampleSeguesUITests/Info.plist;
				LD_RUNPATH_SEARCH_PATHS = (
					"$(inherited)",
					"@executable_path/Frameworks",
					"@loader_path/Frameworks",
				);
				PRODUCT_BUNDLE_IDENTIFIER = BuildiT.ExampleSeguesUITests;
				PRODUCT_NAME = "$(TARGET_NAME)";
				SWIFT_VERSION = 5.0;
				TARGETED_DEVICE_FAMILY = "1,2";
				TEST_TARGET_NAME = ExampleSegues;
			};
			name = Debug;
		};
		3D31A44223658F81001419CD /* Release */ = {
			isa = XCBuildConfiguration;
			buildSettings = {
				ALWAYS_EMBED_SWIFT_STANDARD_LIBRARIES = YES;
				CODE_SIGN_STYLE = Automatic;
				INFOPLIST_FILE = ExampleSeguesUITests/Info.plist;
				LD_RUNPATH_SEARCH_PATHS = (
					"$(inherited)",
					"@executable_path/Frameworks",
					"@loader_path/Frameworks",
				);
				PRODUCT_BUNDLE_IDENTIFIER = BuildiT.ExampleSeguesUITests;
				PRODUCT_NAME = "$(TARGET_NAME)";
				SWIFT_VERSION = 5.0;
				TARGETED_DEVICE_FAMILY = "1,2";
				TEST_TARGET_NAME = ExampleSegues;
			};
			name = Release;
		};
/* End XCBuildConfiguration section */

/* Begin XCConfigurationList section */
		3D31A40B23658F80001419CD /* Build configuration list for PBXProject "ExampleSegues" */ = {
			isa = XCConfigurationList;
			buildConfigurations = (
				3D31A43823658F81001419CD /* Debug */,
				3D31A43923658F81001419CD /* Release */,
			);
			defaultConfigurationIsVisible = 0;
			defaultConfigurationName = Release;
		};
		3D31A43A23658F81001419CD /* Build configuration list for PBXNativeTarget "ExampleSegues" */ = {
			isa = XCConfigurationList;
			buildConfigurations = (
				3D31A43B23658F81001419CD /* Debug */,
				3D31A43C23658F81001419CD /* Release */,
			);
			defaultConfigurationIsVisible = 0;
			defaultConfigurationName = Release;
		};
		3D31A43D23658F81001419CD /* Build configuration list for PBXNativeTarget "ExampleSeguesTests" */ = {
			isa = XCConfigurationList;
			buildConfigurations = (
				3D31A43E23658F81001419CD /* Debug */,
				3D31A43F23658F81001419CD /* Release */,
			);
			defaultConfigurationIsVisible = 0;
			defaultConfigurationName = Release;
		};
		3D31A44023658F81001419CD /* Build configuration list for PBXNativeTarget "ExampleSeguesUITests" */ = {
			isa = XCConfigurationList;
			buildConfigurations = (
				3D31A44123658F81001419CD /* Debug */,
				3D31A44223658F81001419CD /* Release */,
			);
			defaultConfigurationIsVisible = 0;
			defaultConfigurationName = Release;
		};
/* End XCConfigurationList section */
	};
	rootObject = 3D31A40823658F80001419CD /* Project object */;
}
